
Microsoft Visual Studio Solution File, Format Version 11.00
# Visual Studio 2010
Project("{FAE04EC0-301F-11D3-BF4B-00C04F79EFBC}") = "DBreeze", "DBreeze\DBreeze.csproj", "{5C425A2A-5717-4D1B-9949-9C90785B6C57}"
EndProject
Project("{FAE04EC0-301F-11D3-BF4B-00C04F79EFBC}") = "VisualTester", "VisualTester\VisualTester.csproj", "{AAC92F03-3038-49B4-AE61-57C948EA18CB}"
EndProject
Global
	GlobalSection(SolutionConfigurationPlatforms) = preSolution
		Debug|Any CPU = Debug|Any CPU
		Debug|Mixed Platforms = Debug|Mixed Platforms
		Debug|x86 = Debug|x86
		Release|Any CPU = Release|Any CPU
		Release|Mixed Platforms = Release|Mixed Platforms
		Release|x86 = Release|x86
	EndGlobalSection
	GlobalSection(ProjectConfigurationPlatforms) = postSolution
		{5C425A2A-5717-4D1B-9949-9C90785B6C57}.Debug|Any CPU.ActiveCfg = Debug|Any CPU
		{5C425A2A-5717-4D1B-9949-9C90785B6C57}.Debug|Any CPU.Build.0 = Debug|Any CPU
		{5C425A2A-5717-4D1B-9949-9C90785B6C57}.Debug|Mixed Platforms.ActiveCfg = Debug|Any CPU
		{5C425A2A-5717-4D1B-9949-9C90785B6C57}.Debug|Mixed Platforms.Build.0 = Debug|Any CPU
		{5C425A2A-5717-4D1B-9949-9C90785B6C57}.Debug|x86.ActiveCfg = Debug|Any CPU
		{5C425A2A-5717-4D1B-9949-9C90785B6C57}.Release|Any CPU.ActiveCfg = Release|Any CPU
		{5C425A2A-5717-4D1B-9949-9C90785B6C57}.Release|Any CPU.Build.0 = Release|Any CPU
		{5C425A2A-5717-4D1B-9949-9C90785B6C57}.Release|Mixed Platforms.ActiveCfg = Release|Any CPU
		{5C425A2A-5717-4D1B-9949-9C90785B6C57}.Release|Mixed Platforms.Build.0 = Release|Any CPU
		{5C425A2A-5717-4D1B-9949-9C90785B6C57}.Release|x86.ActiveCfg = Release|Any CPU
		{AAC92F03-3038-49B4-AE61-57C948EA18CB}.Debug|Any CPU.ActiveCfg = Debug|x86
		{AAC92F03-3038-49B4-AE61-57C948EA18CB}.Debug|Mixed Platforms.ActiveCfg = Debug|x86
		{AAC92F03-3038-49B4-AE61-57C948EA18CB}.Debug|Mixed Platforms.Build.0 = Debug|x86
		{AAC92F03-3038-49B4-AE61-57C948EA18CB}.Debug|x86.ActiveCfg = Debug|x86
		{AAC92F03-3038-49B4-AE61-57C948EA18CB}.Debug|x86.Build.0 = Debug|x86
		{AAC92F03-3038-49B4-AE61-57C948EA18CB}.Release|Any CPU.ActiveCfg = Release|x86
		{AAC92F03-3038-49B4-AE61-57C948EA18CB}.Release|Mixed Platforms.ActiveCfg = Release|x86
		{AAC92F03-3038-49B4-AE61-57C948EA18CB}.Release|Mixed Platforms.Build.0 = Release|x86
		{AAC92F03-3038-49B4-AE61-57C948EA18CB}.Release|x86.ActiveCfg = Release|x86
		{AAC92F03-3038-49B4-AE61-57C948EA18CB}.Release|x86.Build.0 = Release|x86
	EndGlobalSection
	GlobalSection(SolutionProperties) = preSolution
		HideSolutionNode = FALSE
	EndGlobalSection
EndGlobal
