
Microsoft Visual Studio Solution File, Format Version 12.00
# Visual Studio 14
VisualStudioVersion = 14.0.23107.0
MinimumVisualStudioVersion = 10.0.40219.1
Project("{FAE04EC0-301F-11D3-BF4B-00C04F79EFBC}") = "TestIOS", "TestIOS\TestIOS.csproj", "{F277C187-7546-462E-AF61-0854B1A33818}"
EndProject
Global
	GlobalSection(SolutionConfigurationPlatforms) = preSolution
		Ad-Hoc|iPhone = Ad-Hoc|iPhone
		Ad-Hoc|iPhoneSimulator = Ad-Hoc|iPhoneSimulator
		AppStore|iPhone = AppStore|iPhone
		AppStore|iPhoneSimulator = AppStore|iPhoneSimulator
		Debug|iPhone = Debug|iPhone
		Debug|iPhoneSimulator = Debug|iPhoneSimulator
		Release|iPhone = Release|iPhone
		Release|iPhoneSimulator = Release|iPhoneSimulator
	EndGlobalSection
	GlobalSection(ProjectConfigurationPlatforms) = postSolution
		{F277C187-7546-462E-AF61-0854B1A33818}.Ad-Hoc|iPhone.ActiveCfg = Ad-Hoc|iPhone
		{F277C187-7546-462E-AF61-0854B1A33818}.Ad-Hoc|iPhone.Build.0 = Ad-Hoc|iPhone
		{F277C187-7546-462E-AF61-0854B1A33818}.Ad-Hoc|iPhoneSimulator.ActiveCfg = Ad-Hoc|iPhoneSimulator
		{F277C187-7546-462E-AF61-0854B1A33818}.Ad-Hoc|iPhoneSimulator.Build.0 = Ad-Hoc|iPhoneSimulator
		{F277C187-7546-462E-AF61-0854B1A33818}.AppStore|iPhone.ActiveCfg = AppStore|iPhone
		{F277C187-7546-462E-AF61-0854B1A33818}.AppStore|iPhone.Build.0 = AppStore|iPhone
		{F277C187-7546-462E-AF61-0854B1A33818}.AppStore|iPhoneSimulator.ActiveCfg = AppStore|iPhoneSimulator
		{F277C187-7546-462E-AF61-0854B1A33818}.AppStore|iPhoneSimulator.Build.0 = AppStore|iPhoneSimulator
		{F277C187-7546-462E-AF61-0854B1A33818}.Debug|iPhone.ActiveCfg = Debug|iPhone
		{F277C187-7546-462E-AF61-0854B1A33818}.Debug|iPhone.Build.0 = Debug|iPhone
		{F277C187-7546-462E-AF61-0854B1A33818}.Debug|iPhoneSimulator.ActiveCfg = Debug|iPhoneSimulator
		{F277C187-7546-462E-AF61-0854B1A33818}.Debug|iPhoneSimulator.Build.0 = Debug|iPhoneSimulator
		{F277C187-7546-462E-AF61-0854B1A33818}.Release|iPhone.ActiveCfg = Release|iPhone
		{F277C187-7546-462E-AF61-0854B1A33818}.Release|iPhone.Build.0 = Release|iPhone
		{F277C187-7546-462E-AF61-0854B1A33818}.Release|iPhoneSimulator.ActiveCfg = Release|iPhoneSimulator
		{F277C187-7546-462E-AF61-0854B1A33818}.Release|iPhoneSimulator.Build.0 = Release|iPhoneSimulator
	EndGlobalSection
	GlobalSection(SolutionProperties) = preSolution
		HideSolutionNode = FALSE
	EndGlobalSection
EndGlobal
